<?xml version="1.0" encoding="utf-8"?>
<Project ToolsVersion="4.0" xmlns="http://schemas.microsoft.com/developer/msbuild/2003">
  <ItemGroup>
    <Filter Include="Source Files">
      <UniqueIdentifier>{4FC737F1-C7A5-4376-A066-2A32D752A2FF}</UniqueIdentifier>
      <Extensions>cpp;c;cc;cxx;def;odl;idl;hpj;bat;asm;asmx</Extensions>
    </Filter>
    <Filter Include="Engine">
      <UniqueIdentifier>{c37f121e-5794-412c-8188-32a8ada5bd15}</UniqueIdentifier>
    </Filter>
    <Filter Include="Engine\Header Files">
      <UniqueIdentifier>{78ecd37e-7f59-4b2d-ad30-d4598e8d7a3c}</UniqueIdentifier>
    </Filter>
    <Filter Include="Engine\Source Files">
      <UniqueIdentifier>{25b1897f-68ec-4f4d-b8db-445885b90d88}</UniqueIdentifier>
    </Filter>
    <Filter Include="Engine\Resource Files">
      <UniqueIdentifier>{505cfead-aa1f-4943-bd09-e7686c31e3f7}</UniqueIdentifier>
    </Filter>
    <Filter Include="Engine\Shaders">
      <UniqueIdentifier>{75b31646-b23b-4688-8107-3445bf5d38ad}</UniqueIdentifier>
    </Filter>
  </ItemGroup>
  <ItemGroup>
    <ClInclude Include="Source\Engine\Camera.h">
      <Filter>Engine\Header Files</Filter>
    </ClInclude>
    <ClInclude Include="Source\Engine\CommonMaterialShader.h">
      <Filter>Engine\Header Files</Filter>
    </ClInclude>
    <ClInclude Include="Source\Engine\CompiledShader.h">
      <Filter>Engine\Header Files</Filter>
    </ClInclude>
    <ClInclude Include="Source\Engine\CPURadiosity.h">
      <Filter>Engine\Header Files</Filter>
    </ClInclude>
    <ClInclude Include="Source\Engine\D3D11DeviceStates.h">
      <Filter>Engine\Header Files</Filter>
    </ClInclude>
    <ClInclude Include="Source\Engine\D3D11Resources.h">
      <Filter>Engine\Header Files</Filter>
    </ClInclude>
    <ClInclude Include="Source\Engine\D3DDevicesManager.h">
      <Filter>Engine\Header Files</Filter>
    </ClInclude>
    <ClInclude Include="Source\Engine\DirectionalShadowMap.h">
      <Filter>Engine\Header Files</Filter>
    </ClInclude>
    <ClInclude Include="Source\Engine\Engine.h">
      <Filter>Engine\Header Files</Filter>
    </ClInclude>
    <ClInclude Include="Source\Engine\Geometry.h">
      <Filter>Engine\Header Files</Filter>
    </ClInclude>
    <ClInclude Include="Source\Engine\GPURadiosity.h">
      <Filter>Engine\Header Files</Filter>
    </ClInclude>
    <ClInclude Include="Source\Engine\InputHandler.h">
      <Filter>Engine\Header Files</Filter>
    </ClInclude>
    <ClInclude Include="Source\Engine\InputLayouts.h">
      <Filter>Engine\Header Files</Filter>
    </ClInclude>
    <ClInclude Include="Source\Engine\Light.h">
      <Filter>Engine\Header Files</Filter>
    </ClInclude>
    <ClInclude Include="Source\Engine\Material.h">
      <Filter>Engine\Header Files</Filter>
    </ClInclude>
    <ClInclude Include="Source\Engine\Mesh.h">
      <Filter>Engine\Header Files</Filter>
    </ClInclude>
    <ClInclude Include="Source\Engine\OmniShadowMap.h">
      <Filter>Engine\Header Files</Filter>
    </ClInclude>
    <ClInclude Include="Source\Engine\Profiler.h">
      <Filter>Engine\Header Files</Filter>
    </ClInclude>
    <ClInclude Include="Source\Engine\Radiosity.h">
      <Filter>Engine\Header Files</Filter>
    </ClInclude>
    <ClInclude Include="Source\Engine\RenderableTexture.h">
      <Filter>Engine\Header Files</Filter>
    </ClInclude>
    <ClInclude Include="Source\Engine\Renderer.h">
      <Filter>Engine\Header Files</Filter>
    </ClInclude>
    <ClInclude Include="Source\Engine\resource.h">
      <Filter>Engine\Header Files</Filter>
    </ClInclude>
    <ClInclude Include="Source\Engine\Scene.h">
      <Filter>Engine\Header Files</Filter>
    </ClInclude>
    <ClInclude Include="Source\Engine\SettingsDialog.h">
      <Filter>Engine\Header Files</Filter>
    </ClInclude>
    <ClInclude Include="Source\Engine\ShadowMap.h">
      <Filter>Engine\Header Files</Filter>
    </ClInclude>
    <ClInclude Include="Source\Engine\Skybox.h">
      <Filter>Engine\Header Files</Filter>
    </ClInclude>
    <ClInclude Include="Source\Engine\Timer.h">
      <Filter>Engine\Header Files</Filter>
    </ClInclude>
    <ClInclude Include="Source\Engine\Utility.h">
      <Filter>Engine\Header Files</Filter>
    </ClInclude>
  </ItemGroup>
  <ItemGroup>
    <ClCompile Include="Source\Engine\CommonMaterialShader.cpp">
      <Filter>Engine\Source Files</Filter>
    </ClCompile>
    <ClCompile Include="Source\Engine\CompiledShader.cpp">
      <Filter>Engine\Source Files</Filter>
    </ClCompile>
    <ClCompile Include="Source\Engine\CPURadiosity.cpp">
      <Filter>Engine\Source Files</Filter>
    </ClCompile>
    <ClCompile Include="Source\Engine\D3D11DeviceStates.cpp">
      <Filter>Engine\Source Files</Filter>
    </ClCompile>
    <ClCompile Include="Source\Engine\D3D11Resources.cpp">
      <Filter>Engine\Source Files</Filter>
    </ClCompile>
    <ClCompile Include="Source\Engine\D3DDevicesManager.cpp">
      <Filter>Engine\Source Files</Filter>
    </ClCompile>
    <ClCompile Include="Source\Engine\DirectionalShadowMap.cpp">
      <Filter>Engine\Source Files</Filter>
    </ClCompile>
    <ClCompile Include="Source\Engine\Engine.cpp">
      <Filter>Engine\Source Files</Filter>
    </ClCompile>
    <ClCompile Include="Source\Engine\GPURadiosity.cpp">
      <Filter>Engine\Source Files</Filter>
    </ClCompile>
    <ClCompile Include="Source\Engine\InputHandler.cpp">
      <Filter>Engine\Source Files</Filter>
    </ClCompile>
    <ClCompile Include="Source\Engine\InputLayouts.cpp">
      <Filter>Engine\Source Files</Filter>
    </ClCompile>
    <ClCompile Include="Source\Engine\Mesh.cpp">
      <Filter>Engine\Source Files</Filter>
    </ClCompile>
    <ClCompile Include="Source\Engine\OmniShadowMap.cpp">
      <Filter>Engine\Source Files</Filter>
    </ClCompile>
    <ClCompile Include="Source\Engine\Profiler.cpp">
      <Filter>Engine\Source Files</Filter>
    </ClCompile>
    <ClCompile Include="Source\Engine\Radiosity.cpp">
      <Filter>Engine\Source Files</Filter>
    </ClCompile>
    <ClCompile Include="Source\Engine\RenderableTexture.cpp">
      <Filter>Engine\Source Files</Filter>
    </ClCompile>
    <ClCompile Include="Source\Engine\Renderer.cpp">
      <Filter>Engine\Source Files</Filter>
    </ClCompile>
    <ClCompile Include="Source\Engine\Scene.cpp">
      <Filter>Engine\Source Files</Filter>
    </ClCompile>
    <ClCompile Include="Source\Engine\SettingsDialog.cpp">
      <Filter>Engine\Source Files</Filter>
    </ClCompile>
    <ClCompile Include="Source\Engine\ShadowMap.cpp">
      <Filter>Engine\Source Files</Filter>
    </ClCompile>
    <ClCompile Include="Source\Engine\Skybox.cpp">
      <Filter>Engine\Source Files</Filter>
    </ClCompile>
    <ClCompile Include="Source\Engine\Timer.cpp">
      <Filter>Engine\Source Files</Filter>
    </ClCompile>
    <ClCompile Include="Source\Engine\Utility.cpp">
      <Filter>Engine\Source Files</Filter>
    </ClCompile>
    <ClCompile Include="Source\RadiosityTechDemo.cpp">
      <Filter>Source Files</Filter>
    </ClCompile>
  </ItemGroup>
  <ItemGroup>
    <FxCompile Include="Source\Engine\Shaders\base.fx">
      <Filter>Engine\Shaders</Filter>
    </FxCompile>
    <FxCompile Include="Source\Engine\Shaders\commonMaterialShader.fx">
      <Filter>Engine\Shaders</Filter>
    </FxCompile>
    <FxCompile Include="Source\Engine\Shaders\depthOnly.fx">
      <Filter>Engine\Shaders</Filter>
    </FxCompile>
    <FxCompile Include="Source\Engine\Shaders\lights.fx">
      <Filter>Engine\Shaders</Filter>
    </FxCompile>
    <FxCompile Include="Source\Engine\Shaders\renderOmniShadow.fx">
      <Filter>Engine\Shaders</Filter>
    </FxCompile>
    <FxCompile Include="Source\Engine\Shaders\renderShadow.fx">
      <Filter>Engine\Shaders</Filter>
    </FxCompile>
    <FxCompile Include="Source\Engine\Shaders\renderTextureDebug.fx">
      <Filter>Engine\Shaders</Filter>
    </FxCompile>
    <FxCompile Include="Source\Engine\Shaders\shadowFunctions.fx">
      <Filter>Engine\Shaders</Filter>
    </FxCompile>
    <FxCompile Include="Source\Engine\Shaders\skyBox.fx">
      <Filter>Engine\Shaders</Filter>
    </FxCompile>
    <FxCompile Include="Source\Engine\Shaders\skyTexture.fx">
      <Filter>Engine\Shaders</Filter>
    </FxCompile>
    <FxCompile Include="Source\Engine\Shaders\hemicubesIntegration.hlsl">
      <Filter>Engine\Shaders</Filter>
    </FxCompile>
  </ItemGroup>
  <ItemGroup>
    <ResourceCompile Include="Source\Engine\DTEngine.rc">
      <Filter>Engine\Resource Files</Filter>
    </ResourceCompile>
  </ItemGroup>
</Project>